
Microsoft Visual Studio Solution File, Format Version 12.00
# Visual Studio Version 16
VisualStudioVersion = 16.0.33214.272
MinimumVisualStudioVersion = 10.0.40219.1
Project("{FAE04EC0-301F-11D3-BF4B-00C04F79EFBC}") = "TicketVendingMachine", "TicketVendingMachine\TicketVendingMachine.csproj", "{43A1F5B5-D3BE-4360-B462-68668D0B272B}"
EndProject
Global
	GlobalSection(SolutionConfigurationPlatforms) = preSolution
		Debug|Any CPU = Debug|Any CPU
		Release|Any CPU = Release|Any CPU
	EndGlobalSection
	GlobalSection(ProjectConfigurationPlatforms) = postSolution
		{43A1F5B5-D3BE-4360-B462-68668D0B272B}.Debug|Any CPU.ActiveCfg = Debug|Any CPU
		{43A1F5B5-D3BE-4360-B462-68668D0B272B}.Debug|Any CPU.Build.0 = Debug|Any CPU
		{43A1F5B5-D3BE-4360-B462-68668D0B272B}.Release|Any CPU.ActiveCfg = Release|Any CPU
		{43A1F5B5-D3BE-4360-B462-68668D0B272B}.Release|Any CPU.Build.0 = Release|Any CPU
	EndGlobalSection
	GlobalSection(SolutionProperties) = preSolution
		HideSolutionNode = FALSE
	EndGlobalSection
	GlobalSection(ExtensibilityGlobals) = postSolution
		SolutionGuid = {74CDF507-3CF1-4D3B-8647-CEA2631A09A3}
	EndGlobalSection
EndGlobal
